
Microsoft Visual Studio Solution File, Format Version 12.00
# Visual Studio Version 17
VisualStudioVersion = 17.4.33213.308
MinimumVisualStudioVersion = 10.0.40219.1
Project("{FAE04EC0-301F-11D3-BF4B-00C04F79EFBC}") = "IdentityKit", "IdentityKit\IdentityKit.csproj", "{937DA7F5-BBED-422F-87B0-EB1D3F5BE854}"
EndProject
Project("{2150E333-8FDC-42A3-9474-1A3956D46DE8}") = "Solution Items", "Solution Items", "{8BC74D5D-CEDB-4CCC-8A87-78478C4F37AE}"
	ProjectSection(SolutionItems) = preProject
		.editorconfig = .editorconfig
	EndProjectSection
EndProject
Global
	GlobalSection(SolutionConfigurationPlatforms) = preSolution
		Debug|Any CPU = Debug|Any CPU
		Release|Any CPU = Release|Any CPU
	EndGlobalSection
	GlobalSection(ProjectConfigurationPlatforms) = postSolution
		{937DA7F5-BBED-422F-87B0-EB1D3F5BE854}.Debug|Any CPU.ActiveCfg = Debug|Any CPU
		{937DA7F5-BBED-422F-87B0-EB1D3F5BE854}.Debug|Any CPU.Build.0 = Debug|Any CPU
		{937DA7F5-BBED-422F-87B0-EB1D3F5BE854}.Release|Any CPU.ActiveCfg = Release|Any CPU
		{937DA7F5-BBED-422F-87B0-EB1D3F5BE854}.Release|Any CPU.Build.0 = Release|Any CPU
	EndGlobalSection
	GlobalSection(SolutionProperties) = preSolution
		HideSolutionNode = FALSE
	EndGlobalSection
	GlobalSection(ExtensibilityGlobals) = postSolution
		SolutionGuid = {B262355F-4757-437C-A365-1C31E9A3CA42}
	EndGlobalSection
EndGlobal
